
Microsoft Visual Studio Solution File, Format Version 12.00
# Visual Studio 15
Project("{FAE04EC0-301F-11D3-BF4B-00C04F79EFBC}") = "ListViewEXpand.Android", "ListViewEXpand.Android\ListViewEXpand.Android.csproj", "{8AA27905-2914-46E2-A7B7-E4E734221269}"
EndProject
Project("{FAE04EC0-301F-11D3-BF4B-00C04F79EFBC}") = "ListViewEXpand.iOS", "ListViewEXpand.iOS\ListViewEXpand.iOS.csproj", "{3B960DEB-CD14-4720-AA18-C8FEAA4455D8}"
EndProject
Project("{FAE04EC0-301F-11D3-BF4B-00C04F79EFBC}") = "ListViewEXpand", "ListViewEXpand\ListViewEXpand.csproj", "{03D30651-6EAC-4386-B0C3-3FB08203E2EA}"
EndProject
Global
	GlobalSection(SolutionConfigurationPlatforms) = preSolution
		Debug|Any CPU = Debug|Any CPU
		Release|Any CPU = Release|Any CPU
		Debug|iPhoneSimulator = Debug|iPhoneSimulator
		Release|iPhoneSimulator = Release|iPhoneSimulator
		Debug|iPhone = Debug|iPhone
		Release|iPhone = Release|iPhone
	EndGlobalSection
	GlobalSection(ProjectConfigurationPlatforms) = postSolution
		{8AA27905-2914-46E2-A7B7-E4E734221269}.Debug|Any CPU.ActiveCfg = Debug|Any CPU
		{8AA27905-2914-46E2-A7B7-E4E734221269}.Debug|Any CPU.Build.0 = Debug|Any CPU
		{8AA27905-2914-46E2-A7B7-E4E734221269}.Release|Any CPU.ActiveCfg = Release|Any CPU
		{8AA27905-2914-46E2-A7B7-E4E734221269}.Release|Any CPU.Build.0 = Release|Any CPU
		{8AA27905-2914-46E2-A7B7-E4E734221269}.Debug|iPhoneSimulator.ActiveCfg = Debug|Any CPU
		{8AA27905-2914-46E2-A7B7-E4E734221269}.Debug|iPhoneSimulator.Build.0 = Debug|Any CPU
		{8AA27905-2914-46E2-A7B7-E4E734221269}.Release|iPhoneSimulator.ActiveCfg = Release|Any CPU
		{8AA27905-2914-46E2-A7B7-E4E734221269}.Release|iPhoneSimulator.Build.0 = Release|Any CPU
		{8AA27905-2914-46E2-A7B7-E4E734221269}.Debug|iPhone.ActiveCfg = Debug|Any CPU
		{8AA27905-2914-46E2-A7B7-E4E734221269}.Debug|iPhone.Build.0 = Debug|Any CPU
		{8AA27905-2914-46E2-A7B7-E4E734221269}.Release|iPhone.ActiveCfg = Release|Any CPU
		{8AA27905-2914-46E2-A7B7-E4E734221269}.Release|iPhone.Build.0 = Release|Any CPU
		{3B960DEB-CD14-4720-AA18-C8FEAA4455D8}.Debug|Any CPU.ActiveCfg = Debug|iPhoneSimulator
		{3B960DEB-CD14-4720-AA18-C8FEAA4455D8}.Debug|Any CPU.Build.0 = Debug|iPhoneSimulator
		{3B960DEB-CD14-4720-AA18-C8FEAA4455D8}.Release|Any CPU.ActiveCfg = Release|iPhoneSimulator
		{3B960DEB-CD14-4720-AA18-C8FEAA4455D8}.Release|Any CPU.Build.0 = Release|iPhoneSimulator
		{3B960DEB-CD14-4720-AA18-C8FEAA4455D8}.Debug|iPhoneSimulator.ActiveCfg = Debug|iPhoneSimulator
		{3B960DEB-CD14-4720-AA18-C8FEAA4455D8}.Debug|iPhoneSimulator.Build.0 = Debug|iPhoneSimulator
		{3B960DEB-CD14-4720-AA18-C8FEAA4455D8}.Release|iPhoneSimulator.ActiveCfg = Release|iPhoneSimulator
		{3B960DEB-CD14-4720-AA18-C8FEAA4455D8}.Release|iPhoneSimulator.Build.0 = Release|iPhoneSimulator
		{3B960DEB-CD14-4720-AA18-C8FEAA4455D8}.Debug|iPhone.ActiveCfg = Debug|iPhone
		{3B960DEB-CD14-4720-AA18-C8FEAA4455D8}.Debug|iPhone.Build.0 = Debug|iPhone
		{3B960DEB-CD14-4720-AA18-C8FEAA4455D8}.Release|iPhone.ActiveCfg = Release|iPhone
		{3B960DEB-CD14-4720-AA18-C8FEAA4455D8}.Release|iPhone.Build.0 = Release|iPhone
		{03D30651-6EAC-4386-B0C3-3FB08203E2EA}.Debug|Any CPU.ActiveCfg = Debug|Any CPU
		{03D30651-6EAC-4386-B0C3-3FB08203E2EA}.Debug|Any CPU.Build.0 = Debug|Any CPU
		{03D30651-6EAC-4386-B0C3-3FB08203E2EA}.Release|Any CPU.ActiveCfg = Release|Any CPU
		{03D30651-6EAC-4386-B0C3-3FB08203E2EA}.Release|Any CPU.Build.0 = Release|Any CPU
		{03D30651-6EAC-4386-B0C3-3FB08203E2EA}.Debug|iPhoneSimulator.ActiveCfg = Debug|Any CPU
		{03D30651-6EAC-4386-B0C3-3FB08203E2EA}.Debug|iPhoneSimulator.Build.0 = Debug|Any CPU
		{03D30651-6EAC-4386-B0C3-3FB08203E2EA}.Release|iPhoneSimulator.ActiveCfg = Release|Any CPU
		{03D30651-6EAC-4386-B0C3-3FB08203E2EA}.Release|iPhoneSimulator.Build.0 = Release|Any CPU
		{03D30651-6EAC-4386-B0C3-3FB08203E2EA}.Debug|iPhone.ActiveCfg = Debug|Any CPU
		{03D30651-6EAC-4386-B0C3-3FB08203E2EA}.Debug|iPhone.Build.0 = Debug|Any CPU
		{03D30651-6EAC-4386-B0C3-3FB08203E2EA}.Release|iPhone.ActiveCfg = Release|Any CPU
		{03D30651-6EAC-4386-B0C3-3FB08203E2EA}.Release|iPhone.Build.0 = Release|Any CPU
	EndGlobalSection
EndGlobal
